
Microsoft Visual Studio Solution File, Format Version 12.00
# Visual Studio Version 17
VisualStudioVersion = 17.1.32328.378
MinimumVisualStudioVersion = 10.0.40219.1
Project("{FAE04EC0-301F-11D3-BF4B-00C04F79EFBC}") = "Csharp Shop", "Csharp Shop\Csharp Shop.csproj", "{DD256907-ED63-41EF-8D8D-F04EBDA94850}"
EndProject
Global
	GlobalSection(SolutionConfigurationPlatforms) = preSolution
		Debug|Any CPU = Debug|Any CPU
		Release|Any CPU = Release|Any CPU
	EndGlobalSection
	GlobalSection(ProjectConfigurationPlatforms) = postSolution
		{DD256907-ED63-41EF-8D8D-F04EBDA94850}.Debug|Any CPU.ActiveCfg = Debug|Any CPU
		{DD256907-ED63-41EF-8D8D-F04EBDA94850}.Debug|Any CPU.Build.0 = Debug|Any CPU
		{DD256907-ED63-41EF-8D8D-F04EBDA94850}.Release|Any CPU.ActiveCfg = Release|Any CPU
		{DD256907-ED63-41EF-8D8D-F04EBDA94850}.Release|Any CPU.Build.0 = Release|Any CPU
	EndGlobalSection
	GlobalSection(SolutionProperties) = preSolution
		HideSolutionNode = FALSE
	EndGlobalSection
	GlobalSection(ExtensibilityGlobals) = postSolution
		SolutionGuid = {511A1BB3-0CA6-4366-84FE-741FDF70CBFA}
	EndGlobalSection
EndGlobal
